
Microsoft Visual Studio Solution File, Format Version 12.00
# Visual Studio 15
Project("{FAE04EC0-301F-11D3-BF4B-00C04F79EFBC}") = "movies.Android", "movies.Android\movies.Android.csproj", "{C871CFA5-0CC5-4924-AB9E-C00642987A69}"
EndProject
Project("{FAE04EC0-301F-11D3-BF4B-00C04F79EFBC}") = "movies.iOS", "movies.iOS\movies.iOS.csproj", "{15A479A8-26E7-43E9-982E-36B3FB40A05E}"
EndProject
Project("{FAE04EC0-301F-11D3-BF4B-00C04F79EFBC}") = "movies", "movies\movies.csproj", "{2378B0CA-4302-42DF-8CE7-E0EEEAECE4A9}"
EndProject
Global
	GlobalSection(SolutionConfigurationPlatforms) = preSolution
		Debug|Any CPU = Debug|Any CPU
		Release|Any CPU = Release|Any CPU
		Debug|iPhoneSimulator = Debug|iPhoneSimulator
		Release|iPhoneSimulator = Release|iPhoneSimulator
		Debug|iPhone = Debug|iPhone
		Release|iPhone = Release|iPhone
	EndGlobalSection
	GlobalSection(ProjectConfigurationPlatforms) = postSolution
		{C871CFA5-0CC5-4924-AB9E-C00642987A69}.Debug|Any CPU.ActiveCfg = Debug|Any CPU
		{C871CFA5-0CC5-4924-AB9E-C00642987A69}.Debug|Any CPU.Build.0 = Debug|Any CPU
		{C871CFA5-0CC5-4924-AB9E-C00642987A69}.Release|Any CPU.ActiveCfg = Release|Any CPU
		{C871CFA5-0CC5-4924-AB9E-C00642987A69}.Release|Any CPU.Build.0 = Release|Any CPU
		{C871CFA5-0CC5-4924-AB9E-C00642987A69}.Debug|iPhoneSimulator.ActiveCfg = Debug|Any CPU
		{C871CFA5-0CC5-4924-AB9E-C00642987A69}.Debug|iPhoneSimulator.Build.0 = Debug|Any CPU
		{C871CFA5-0CC5-4924-AB9E-C00642987A69}.Release|iPhoneSimulator.ActiveCfg = Release|Any CPU
		{C871CFA5-0CC5-4924-AB9E-C00642987A69}.Release|iPhoneSimulator.Build.0 = Release|Any CPU
		{C871CFA5-0CC5-4924-AB9E-C00642987A69}.Debug|iPhone.ActiveCfg = Debug|Any CPU
		{C871CFA5-0CC5-4924-AB9E-C00642987A69}.Debug|iPhone.Build.0 = Debug|Any CPU
		{C871CFA5-0CC5-4924-AB9E-C00642987A69}.Release|iPhone.ActiveCfg = Release|Any CPU
		{C871CFA5-0CC5-4924-AB9E-C00642987A69}.Release|iPhone.Build.0 = Release|Any CPU
		{15A479A8-26E7-43E9-982E-36B3FB40A05E}.Debug|Any CPU.ActiveCfg = Debug|iPhoneSimulator
		{15A479A8-26E7-43E9-982E-36B3FB40A05E}.Debug|Any CPU.Build.0 = Debug|iPhoneSimulator
		{15A479A8-26E7-43E9-982E-36B3FB40A05E}.Release|Any CPU.ActiveCfg = Release|iPhoneSimulator
		{15A479A8-26E7-43E9-982E-36B3FB40A05E}.Release|Any CPU.Build.0 = Release|iPhoneSimulator
		{15A479A8-26E7-43E9-982E-36B3FB40A05E}.Debug|iPhoneSimulator.ActiveCfg = Debug|iPhoneSimulator
		{15A479A8-26E7-43E9-982E-36B3FB40A05E}.Debug|iPhoneSimulator.Build.0 = Debug|iPhoneSimulator
		{15A479A8-26E7-43E9-982E-36B3FB40A05E}.Release|iPhoneSimulator.ActiveCfg = Release|iPhoneSimulator
		{15A479A8-26E7-43E9-982E-36B3FB40A05E}.Release|iPhoneSimulator.Build.0 = Release|iPhoneSimulator
		{15A479A8-26E7-43E9-982E-36B3FB40A05E}.Debug|iPhone.ActiveCfg = Debug|iPhone
		{15A479A8-26E7-43E9-982E-36B3FB40A05E}.Debug|iPhone.Build.0 = Debug|iPhone
		{15A479A8-26E7-43E9-982E-36B3FB40A05E}.Release|iPhone.ActiveCfg = Release|iPhone
		{15A479A8-26E7-43E9-982E-36B3FB40A05E}.Release|iPhone.Build.0 = Release|iPhone
		{2378B0CA-4302-42DF-8CE7-E0EEEAECE4A9}.Debug|Any CPU.ActiveCfg = Debug|Any CPU
		{2378B0CA-4302-42DF-8CE7-E0EEEAECE4A9}.Debug|Any CPU.Build.0 = Debug|Any CPU
		{2378B0CA-4302-42DF-8CE7-E0EEEAECE4A9}.Release|Any CPU.ActiveCfg = Release|Any CPU
		{2378B0CA-4302-42DF-8CE7-E0EEEAECE4A9}.Release|Any CPU.Build.0 = Release|Any CPU
		{2378B0CA-4302-42DF-8CE7-E0EEEAECE4A9}.Debug|iPhoneSimulator.ActiveCfg = Debug|Any CPU
		{2378B0CA-4302-42DF-8CE7-E0EEEAECE4A9}.Debug|iPhoneSimulator.Build.0 = Debug|Any CPU
		{2378B0CA-4302-42DF-8CE7-E0EEEAECE4A9}.Release|iPhoneSimulator.ActiveCfg = Release|Any CPU
		{2378B0CA-4302-42DF-8CE7-E0EEEAECE4A9}.Release|iPhoneSimulator.Build.0 = Release|Any CPU
		{2378B0CA-4302-42DF-8CE7-E0EEEAECE4A9}.Debug|iPhone.ActiveCfg = Debug|Any CPU
		{2378B0CA-4302-42DF-8CE7-E0EEEAECE4A9}.Debug|iPhone.Build.0 = Debug|Any CPU
		{2378B0CA-4302-42DF-8CE7-E0EEEAECE4A9}.Release|iPhone.ActiveCfg = Release|Any CPU
		{2378B0CA-4302-42DF-8CE7-E0EEEAECE4A9}.Release|iPhone.Build.0 = Release|Any CPU
	EndGlobalSection
EndGlobal
